{
  "name": "@muni-graneros/laravel-muni-ui",
  "version": "0.17.1",
  "lockfileVersion": 3,
  "requires": true,
  "packages": {
    "": {
      "name": "@muni-graneros/laravel-muni-ui",
      "version": "0.17.1",
      "license": "MIT",
      "devDependencies": {
        "@alpinejs/focus": "^3.17.2",
        "alpinejs": "^3.17.2",
        "axe-core": "4.10.2"
      }
    },
    "node_modules/@alpinejs/focus": {
      "version": "3.17.2",
      "resolved": "https://registry.npmjs.org/@alpinejs/focus/-/focus-3.17.2.tgz",
      "integrity": "sha512-ZYER+iuYu9IHT2ihAaP04alQLzLzH5nEMmFwVDe7Yu6bzeub+yJISYjR2hH+DlQTcmAZc7xnFMb6zscCVI091Q==",
      "dev": true,
      "license": "MIT",
      "dependencies": {
        "focus-trap": "^8.0.0",
        "tabbable": "^6.4.0"
      }
    },
    "node_modules/@vue/reactivity": {
      "version": "3.5.42",
      "resolved": "https://registry.npmjs.org/@vue/reactivity/-/reactivity-3.5.42.tgz",
      "integrity": "sha512-TzNNfKpb7hDxbQltwAut8VDQA5YP+BuRlxntHUuRjyKwlMvmAPbs3unhCvieijifY6vFfVBwsS7wG/C7uq+bEQ==",
      "dev": true,
      "license": "MIT",
      "dependencies": {
        "@vue/shared": "3.5.42"
      }
    },
    "node_modules/@vue/shared": {
      "version": "3.5.42",
      "resolved": "https://registry.npmjs.org/@vue/shared/-/shared-3.5.42.tgz",
      "integrity": "sha512-2rPxex1jQf4jvl9MOHl6YaXCPcrNqz/FstMOEh3QWY+/OME9nQTvl9WYeCwhW7AFjaR0SnngZGlp/wkR6rkI6g==",
      "dev": true,
      "license": "MIT"
    },
    "node_modules/alpinejs": {
      "version": "3.17.2",
      "resolved": "https://registry.npmjs.org/alpinejs/-/alpinejs-3.17.2.tgz",
      "integrity": "sha512-xbnG3LlnmFkiNO49C+qhqjEDqOdB0snKqvT48ZVp8TakpZOpsoQbc/jAxpptQRjZi7c9rLeCfvwQ/XOSirIZFQ==",
      "dev": true,
      "license": "MIT",
      "dependencies": {
        "@vue/reactivity": "~3.5.40"
      }
    },
    "node_modules/axe-core": {
      "version": "4.10.2",
      "resolved": "https://registry.npmjs.org/axe-core/-/axe-core-4.10.2.tgz",
      "integrity": "sha512-RE3mdQ7P3FRSe7eqCWoeQ/Z9QXrtniSjp1wUjt5nRC3WIpz5rSCve6o3fsZ2aCpJtrZjSZgjwXAoTO5k4tEI0w==",
      "dev": true,
      "license": "MPL-2.0",
      "engines": {
        "node": ">=4"
      }
    },
    "node_modules/focus-trap": {
      "version": "8.2.2",
      "resolved": "https://registry.npmjs.org/focus-trap/-/focus-trap-8.2.2.tgz",
      "integrity": "sha512-qV0g8hRYBqgACcFOH3f9wXc4zPKhr/0z9RI2a6ZijZ72EeBi4g8oBy8zAWuUR1TsMpOzwpUMFvjdasrC41Joug==",
      "dev": true,
      "license": "MIT",
      "dependencies": {
        "tabbable": "^6.5.0"
      }
    },
    "node_modules/tabbable": {
      "version": "6.5.0",
      "resolved": "https://registry.npmjs.org/tabbable/-/tabbable-6.5.0.tgz",
      "integrity": "sha512-wieBHXygIm7OyQOu5hQlkk62/WyCFYGlWg7L6/ZCUZwx0o398Zkn4pVmMyfYhfMG8kGrj/Krt8eIk6UKC6VzwA==",
      "dev": true,
      "license": "MIT"
    }
  }
}
